
Microsoft Visual Studio Solution File, Format Version 12.00
# Visual Studio Version 17
VisualStudioVersion = 17.14.36310.24 d17.14
MinimumVisualStudioVersion = 10.0.40219.1
Project("{FAE04EC0-301F-11D3-BF4B-00C04F79EFBC}") = "ServerApp", "ServerApp\ServerApp.csproj", "{E7F92BA6-BFBC-4323-BA4D-AE4AF23C6ADB}"
EndProject
Global
	GlobalSection(SolutionConfigurationPlatforms) = preSolution
		Debug|Any CPU = Debug|Any CPU
		Release|Any CPU = Release|Any CPU
	EndGlobalSection
	GlobalSection(ProjectConfigurationPlatforms) = postSolution
		{E7F92BA6-BFBC-4323-BA4D-AE4AF23C6ADB}.Debug|Any CPU.ActiveCfg = Debug|Any CPU
		{E7F92BA6-BFBC-4323-BA4D-AE4AF23C6ADB}.Debug|Any CPU.Build.0 = Debug|Any CPU
		{E7F92BA6-BFBC-4323-BA4D-AE4AF23C6ADB}.Release|Any CPU.ActiveCfg = Release|Any CPU
		{E7F92BA6-BFBC-4323-BA4D-AE4AF23C6ADB}.Release|Any CPU.Build.0 = Release|Any CPU
	EndGlobalSection
	GlobalSection(SolutionProperties) = preSolution
		HideSolutionNode = FALSE
	EndGlobalSection
	GlobalSection(ExtensibilityGlobals) = postSolution
		SolutionGuid = {00762032-65FC-466C-9754-275896DF3498}
	EndGlobalSection
EndGlobal
